{
  "name": "cli-examples",
  "version": "0.0.1",
  "lockfileVersion": 1,
  "requires": true,
  "dependencies": {
    "ferp": {
      "version": "0.0.3",
      "resolved": "https://registry.npmjs.org/ferp/-/ferp-0.0.3.tgz",
      "integrity": "sha512-s+kILDGGqwnF9mgPZnP/O6FXhzw0JbGzIt0J7I/IT7wO4sVHR4JqXN9wY+T94/e7V7jn9sKXFWfLH6L3pTYSWg=="
    }
  }
}
